// !$*UTF8*$!
{
	archiveVersion = 1;
	classes = {
	};
	objectVersion = 46;
	objects = {

/* Begin PBXBuildFile section */
		247A71F41DF51258003F0C63 /* DishTableViewController.m in Sources */ = {isa = PBXBuildFile; fileRef = 247A71F31DF51258003F0C63 /* DishTableViewController.m */; };
		248B928B1DF82138007048E9 /* DishTableViewCell.m in Sources */ = {isa = PBXBuildFile; fileRef = 248B92891DF82138007048E9 /* DishTableViewCell.m */; };
		248B928C1DF82138007048E9 /* DishTableViewCell.xib in Resources */ = {isa = PBXBuildFile; fileRef = 248B928A1DF82138007048E9 /* DishTableViewCell.xib */; };
		24C30CA71DF5100B00C0748E /* main.m in Sources */ = {isa = PBXBuildFile; fileRef = 24C30CA61DF5100B00C0748E /* main.m */; };
		24C30CAA1DF5100B00C0748E /* AppDelegate.m in Sources */ = {isa = PBXBuildFile; fileRef = 24C30CA91DF5100B00C0748E /* AppDelegate.m */; };
		24C30CB01DF5100B00C0748E /* Main.storyboard in Resources */ = {isa = PBXBuildFile; fileRef = 24C30CAE1DF5100B00C0748E /* Main.storyboard */; };
		24C30CB21DF5100B00C0748E /* Assets.xcassets in Resources */ = {isa = PBXBuildFile; fileRef = 24C30CB11DF5100B00C0748E /* Assets.xcassets */; };
		24C30CB51DF5100B00C0748E /* LaunchScreen.storyboard in Resources */ = {isa = PBXBuildFile; fileRef = 24C30CB31DF5100B00C0748E /* LaunchScreen.storyboard */; };
		24C30CBE1DF510FD00C0748E /* TabBarViewController.m in Sources */ = {isa = PBXBuildFile; fileRef = 24C30CBD1DF510FD00C0748E /* TabBarViewController.m */; };
		24DF63C31DF8140700802C6F /* UserTableViewController.m in Sources */ = {isa = PBXBuildFile; fileRef = 24DF63C21DF8140700802C6F /* UserTableViewController.m */; };
		24DF63C71DF8141300802C6F /* UserTableViewCell.m in Sources */ = {isa = PBXBuildFile; fileRef = 24DF63C51DF8141300802C6F /* UserTableViewCell.m */; };
		24DF63C81DF8141300802C6F /* UserTableViewCell.xib in Resources */ = {isa = PBXBuildFile; fileRef = 24DF63C61DF8141300802C6F /* UserTableViewCell.xib */; };
		24DF63CC1DF817A700802C6F /* UserDetailTableViewController.m in Sources */ = {isa = PBXBuildFile; fileRef = 24DF63CB1DF817A700802C6F /* UserDetailTableViewController.m */; };
		24E2B3E21DF51B1B00F1858E /* DishDetailTableViewCell.m in Sources */ = {isa = PBXBuildFile; fileRef = 24E2B3E01DF51B1B00F1858E /* DishDetailTableViewCell.m */; };
		24E2B3E61DF51B2A00F1858E /* DishDetailTableViewController.m in Sources */ = {isa = PBXBuildFile; fileRef = 24E2B3E51DF51B2A00F1858E /* DishDetailTableViewController.m */; };
		24E2B3E81DF5392200F1858E /* DishDetailTableViewCell.xib in Resources */ = {isa = PBXBuildFile; fileRef = 24E2B3E71DF5392200F1858E /* DishDetailTableViewCell.xib */; };
		6F74FC1BD7AFCE28475D398F /* libPods-ChefAdia-Business.a in Frameworks */ = {isa = PBXBuildFile; fileRef = E5197DC252A0BFCA47B7C2D8 /* libPods-ChefAdia-Business.a */; };
/* End PBXBuildFile section */

/* Begin PBXFileReference section */
		247A71F21DF51258003F0C63 /* DishTableViewController.h */ = {isa = PBXFileReference; fileEncoding = 4; lastKnownFileType = sourcecode.c.h; path = DishTableViewController.h; sourceTree = "<group>"; };
		247A71F31DF51258003F0C63 /* DishTableViewController.m */ = {isa = PBXFileReference; fileEncoding = 4; lastKnownFileType = sourcecode.c.objc; path = DishTableViewController.m; sourceTree = "<group>"; };
		248B92881DF82138007048E9 /* DishTableViewCell.h */ = {isa = PBXFileReference; fileEncoding = 4; lastKnownFileType = sourcecode.c.h; path = DishTableViewCell.h; sourceTree = "<group>"; };
		248B92891DF82138007048E9 /* DishTableViewCell.m */ = {isa = PBXFileReference; fileEncoding = 4; lastKnownFileType = sourcecode.c.objc; path = DishTableViewCell.m; sourceTree = "<group>"; };
		248B928A1DF82138007048E9 /* DishTableViewCell.xib */ = {isa = PBXFileReference; fileEncoding = 4; lastKnownFileType = file.xib; path = DishTableViewCell.xib; sourceTree = "<group>"; };
		24C30CA21DF5100B00C0748E /* ChefAdia-Business.app */ = {isa = PBXFileReference; explicitFileType = wrapper.application; includeInIndex = 0; path = "ChefAdia-Business.app"; sourceTree = BUILT_PRODUCTS_DIR; };
		24C30CA61DF5100B00C0748E /* main.m */ = {isa = PBXFileReference; lastKnownFileType = sourcecode.c.objc; path = main.m; sourceTree = "<group>"; };
		24C30CA81DF5100B00C0748E /* AppDelegate.h */ = {isa = PBXFileReference; lastKnownFileType = sourcecode.c.h; path = AppDelegate.h; sourceTree = "<group>"; };
		24C30CA91DF5100B00C0748E /* AppDelegate.m */ = {isa = PBXFileReference; lastKnownFileType = sourcecode.c.objc; path = AppDelegate.m; sourceTree = "<group>"; };
		24C30CAF1DF5100B00C0748E /* Base */ = {isa = PBXFileReference; lastKnownFileType = file.storyboard; name = Base; path = Base.lproj/Main.storyboard; sourceTree = "<group>"; };
		24C30CB11DF5100B00C0748E /* Assets.xcassets */ = {isa = PBXFileReference; lastKnownFileType = folder.assetcatalog; path = Assets.xcassets; sourceTree = "<group>"; };
		24C30CB41DF5100B00C0748E /* Base */ = {isa = PBXFileReference; lastKnownFileType = file.storyboard; name = Base; path = Base.lproj/LaunchScreen.storyboard; sourceTree = "<group>"; };
		24C30CB61DF5100B00C0748E /* Info.plist */ = {isa = PBXFileReference; lastKnownFileType = text.plist.xml; path = Info.plist; sourceTree = "<group>"; };
		24C30CBC1DF510FD00C0748E /* TabBarViewController.h */ = {isa = PBXFileReference; fileEncoding = 4; lastKnownFileType = sourcecode.c.h; path = TabBarViewController.h; sourceTree = "<group>"; };
		24C30CBD1DF510FD00C0748E /* TabBarViewController.m */ = {isa = PBXFileReference; fileEncoding = 4; lastKnownFileType = sourcecode.c.objc; path = TabBarViewController.m; sourceTree = "<group>"; };
		24DF63C11DF8140700802C6F /* UserTableViewController.h */ = {isa = PBXFileReference; fileEncoding = 4; lastKnownFileType = sourcecode.c.h; path = UserTableViewController.h; sourceTree = "<group>"; };
		24DF63C21DF8140700802C6F /* UserTableViewController.m */ = {isa = PBXFileReference; fileEncoding = 4; lastKnownFileType = sourcecode.c.objc; path = UserTableViewController.m; sourceTree = "<group>"; };
		24DF63C41DF8141300802C6F /* UserTableViewCell.h */ = {isa = PBXFileReference; fileEncoding = 4; lastKnownFileType = sourcecode.c.h; path = UserTableViewCell.h; sourceTree = "<group>"; };
		24DF63C51DF8141300802C6F /* UserTableViewCell.m */ = {isa = PBXFileReference; fileEncoding = 4; lastKnownFileType = sourcecode.c.objc; path = UserTableViewCell.m; sourceTree = "<group>"; };
		24DF63C61DF8141300802C6F /* UserTableViewCell.xib */ = {isa = PBXFileReference; fileEncoding = 4; lastKnownFileType = file.xib; path = UserTableViewCell.xib; sourceTree = "<group>"; };
		24DF63CA1DF817A700802C6F /* UserDetailTableViewController.h */ = {isa = PBXFileReference; fileEncoding = 4; lastKnownFileType = sourcecode.c.h; path = UserDetailTableViewController.h; sourceTree = "<group>"; };
		24DF63CB1DF817A700802C6F /* UserDetailTableViewController.m */ = {isa = PBXFileReference; fileEncoding = 4; lastKnownFileType = sourcecode.c.objc; path = UserDetailTableViewController.m; sourceTree = "<group>"; };
		24E2B3DF1DF51B1B00F1858E /* DishDetailTableViewCell.h */ = {isa = PBXFileReference; fileEncoding = 4; lastKnownFileType = sourcecode.c.h; path = DishDetailTableViewCell.h; sourceTree = "<group>"; };
		24E2B3E01DF51B1B00F1858E /* DishDetailTableViewCell.m */ = {isa = PBXFileReference; fileEncoding = 4; lastKnownFileType = sourcecode.c.objc; path = DishDetailTableViewCell.m; sourceTree = "<group>"; };
		24E2B3E41DF51B2A00F1858E /* DishDetailTableViewController.h */ = {isa = PBXFileReference; fileEncoding = 4; lastKnownFileType = sourcecode.c.h; path = DishDetailTableViewController.h; sourceTree = "<group>"; };
		24E2B3E51DF51B2A00F1858E /* DishDetailTableViewController.m */ = {isa = PBXFileReference; fileEncoding = 4; lastKnownFileType = sourcecode.c.objc; path = DishDetailTableViewController.m; sourceTree = "<group>"; };
		24E2B3E71DF5392200F1858E /* DishDetailTableViewCell.xib */ = {isa = PBXFileReference; fileEncoding = 4; lastKnownFileType = file.xib; path = DishDetailTableViewCell.xib; sourceTree = "<group>"; };
		2E173BF2C33A373290A65B9B /* Pods-ChefAdia-Business.debug.xcconfig */ = {isa = PBXFileReference; includeInIndex = 1; lastKnownFileType = text.xcconfig; name = "Pods-ChefAdia-Business.debug.xcconfig"; path = "Pods/Target Support Files/Pods-ChefAdia-Business/Pods-ChefAdia-Business.debug.xcconfig"; sourceTree = "<group>"; };
		E5197DC252A0BFCA47B7C2D8 /* libPods-ChefAdia-Business.a */ = {isa = PBXFileReference; explicitFileType = archive.ar; includeInIndex = 0; path = "libPods-ChefAdia-Business.a"; sourceTree = BUILT_PRODUCTS_DIR; };
		F6F2BE4DB0B05389B2AA059F /* Pods-ChefAdia-Business.release.xcconfig */ = {isa = PBXFileReference; includeInIndex = 1; lastKnownFileType = text.xcconfig; name = "Pods-ChefAdia-Business.release.xcconfig"; path = "Pods/Target Support Files/Pods-ChefAdia-Business/Pods-ChefAdia-Business.release.xcconfig"; sourceTree = "<group>"; };
/* End PBXFileReference section */

/* Begin PBXFrameworksBuildPhase section */
		24C30C9F1DF5100B00C0748E /* Frameworks */ = {
			isa = PBXFrameworksBuildPhase;
			buildActionMask = 2147483647;
			files = (
				6F74FC1BD7AFCE28475D398F /* libPods-ChefAdia-Business.a in Frameworks */,
			);
			runOnlyForDeploymentPostprocessing = 0;
		};
/* End PBXFrameworksBuildPhase section */

/* Begin PBXGroup section */
		247A71FA1DF5126C003F0C63 /* Dish */ = {
			isa = PBXGroup;
			children = (
				247A71F21DF51258003F0C63 /* DishTableViewController.h */,
				247A71F31DF51258003F0C63 /* DishTableViewController.m */,
				248B92881DF82138007048E9 /* DishTableViewCell.h */,
				248B92891DF82138007048E9 /* DishTableViewCell.m */,
				248B928A1DF82138007048E9 /* DishTableViewCell.xib */,
				24E2B3E41DF51B2A00F1858E /* DishDetailTableViewController.h */,
				24E2B3E51DF51B2A00F1858E /* DishDetailTableViewController.m */,
				24E2B3DF1DF51B1B00F1858E /* DishDetailTableViewCell.h */,
				24E2B3E01DF51B1B00F1858E /* DishDetailTableViewCell.m */,
				24E2B3E71DF5392200F1858E /* DishDetailTableViewCell.xib */,
			);
			name = Dish;
			sourceTree = "<group>";
		};
		24C30C991DF5100B00C0748E = {
			isa = PBXGroup;
			children = (
				24C30CA41DF5100B00C0748E /* ChefAdia-Business */,
				24C30CA31DF5100B00C0748E /* Products */,
				4950189FC5756C41B97CBC45 /* Pods */,
				F6D377B4042BE3D5F488FCE6 /* Frameworks */,
			);
			sourceTree = "<group>";
		};
		24C30CA31DF5100B00C0748E /* Products */ = {
			isa = PBXGroup;
			children = (
				24C30CA21DF5100B00C0748E /* ChefAdia-Business.app */,
			);
			name = Products;
			sourceTree = "<group>";
		};
		24C30CA41DF5100B00C0748E /* ChefAdia-Business */ = {
			isa = PBXGroup;
			children = (
				24C30CA81DF5100B00C0748E /* AppDelegate.h */,
				24C30CA91DF5100B00C0748E /* AppDelegate.m */,
				247A71FA1DF5126C003F0C63 /* Dish */,
				24DF63C91DF8141600802C6F /* User */,
				24C30CBC1DF510FD00C0748E /* TabBarViewController.h */,
				24C30CBD1DF510FD00C0748E /* TabBarViewController.m */,
				24C30CAE1DF5100B00C0748E /* Main.storyboard */,
				24C30CB11DF5100B00C0748E /* Assets.xcassets */,
				24C30CB31DF5100B00C0748E /* LaunchScreen.storyboard */,
				24C30CB61DF5100B00C0748E /* Info.plist */,
				24C30CA51DF5100B00C0748E /* Supporting Files */,
			);
			path = "ChefAdia-Business";
			sourceTree = "<group>";
		};
		24C30CA51DF5100B00C0748E /* Supporting Files */ = {
			isa = PBXGroup;
			children = (
				24C30CA61DF5100B00C0748E /* main.m */,
			);
			name = "Supporting Files";
			sourceTree = "<group>";
		};
		24DF63C91DF8141600802C6F /* User */ = {
			isa = PBXGroup;
			children = (
				24DF63C11DF8140700802C6F /* UserTableViewController.h */,
				24DF63C21DF8140700802C6F /* UserTableViewController.m */,
				24DF63C41DF8141300802C6F /* UserTableViewCell.h */,
				24DF63C51DF8141300802C6F /* UserTableViewCell.m */,
				24DF63C61DF8141300802C6F /* UserTableViewCell.xib */,
				24DF63CA1DF817A700802C6F /* UserDetailTableViewController.h */,
				24DF63CB1DF817A700802C6F /* UserDetailTableViewController.m */,
			);
			name = User;
			sourceTree = "<group>";
		};
		4950189FC5756C41B97CBC45 /* Pods */ = {
			isa = PBXGroup;
			children = (
				2E173BF2C33A373290A65B9B /* Pods-ChefAdia-Business.debug.xcconfig */,
				F6F2BE4DB0B05389B2AA059F /* Pods-ChefAdia-Business.release.xcconfig */,
			);
			name = Pods;
			sourceTree = "<group>";
		};
		F6D377B4042BE3D5F488FCE6 /* Frameworks */ = {
			isa = PBXGroup;
			children = (
				E5197DC252A0BFCA47B7C2D8 /* libPods-ChefAdia-Business.a */,
			);
			name = Frameworks;
			sourceTree = "<group>";
		};
/* End PBXGroup section */

/* Begin PBXNativeTarget section */
		24C30CA11DF5100B00C0748E /* ChefAdia-Business */ = {
			isa = PBXNativeTarget;
			buildConfigurationList = 24C30CB91DF5100B00C0748E /* Build configuration list for PBXNativeTarget "ChefAdia-Business" */;
			buildPhases = (
				3DCB5D050D111067A96B4C42 /* [CP] Check Pods Manifest.lock */,
				24C30C9E1DF5100B00C0748E /* Sources */,
				24C30C9F1DF5100B00C0748E /* Frameworks */,
				24C30CA01DF5100B00C0748E /* Resources */,
				438CDE8DAB8E5F5A5BEB9301 /* [CP] Embed Pods Frameworks */,
				20C680FC8125D2E671A301C8 /* [CP] Copy Pods Resources */,
			);
			buildRules = (
			);
			dependencies = (
			);
			name = "ChefAdia-Business";
			productName = "ChefAdia-Business";
			productReference = 24C30CA21DF5100B00C0748E /* ChefAdia-Business.app */;
			productType = "com.apple.product-type.application";
		};
/* End PBXNativeTarget section */

/* Begin PBXProject section */
		24C30C9A1DF5100B00C0748E /* Project object */ = {
			isa = PBXProject;
			attributes = {
				LastUpgradeCheck = 0810;
				ORGANIZATIONNAME = "宋 奎熹";
				TargetAttributes = {
					24C30CA11DF5100B00C0748E = {
						CreatedOnToolsVersion = 8.1;
						DevelopmentTeam = VEBQ28K9EA;
						ProvisioningStyle = Automatic;
					};
				};
			};
			buildConfigurationList = 24C30C9D1DF5100B00C0748E /* Build configuration list for PBXProject "ChefAdia-Business" */;
			compatibilityVersion = "Xcode 3.2";
			developmentRegion = English;
			hasScannedForEncodings = 0;
			knownRegions = (
				en,
				Base,
			);
			mainGroup = 24C30C991DF5100B00C0748E;
			productRefGroup = 24C30CA31DF5100B00C0748E /* Products */;
			projectDirPath = "";
			projectRoot = "";
			targets = (
				24C30CA11DF5100B00C0748E /* ChefAdia-Business */,
			);
		};
/* End PBXProject section */

/* Begin PBXResourcesBuildPhase section */
		24C30CA01DF5100B00C0748E /* Resources */ = {
			isa = PBXResourcesBuildPhase;
			buildActionMask = 2147483647;
			files = (
				24C30CB51DF5100B00C0748E /* LaunchScreen.storyboard in Resources */,
				24E2B3E81DF5392200F1858E /* DishDetailTableViewCell.xib in Resources */,
				24C30CB21DF5100B00C0748E /* Assets.xcassets in Resources */,
				24DF63C81DF8141300802C6F /* UserTableViewCell.xib in Resources */,
				24C30CB01DF5100B00C0748E /* Main.storyboard in Resources */,
				248B928C1DF82138007048E9 /* DishTableViewCell.xib in Resources */,
			);
			runOnlyForDeploymentPostprocessing = 0;
		};
/* End PBXResourcesBuildPhase section */

/* Begin PBXShellScriptBuildPhase section */
		20C680FC8125D2E671A301C8 /* [CP] Copy Pods Resources */ = {
			isa = PBXShellScriptBuildPhase;
			buildActionMask = 2147483647;
			files = (
			);
			inputPaths = (
			);
			name = "[CP] Copy Pods Resources";
			outputPaths = (
			);
			runOnlyForDeploymentPostprocessing = 0;
			shellPath = /bin/sh;
			shellScript = "\"${SRCROOT}/Pods/Target Support Files/Pods-ChefAdia-Business/Pods-ChefAdia-Business-resources.sh\"\n";
			showEnvVarsInLog = 0;
		};
		3DCB5D050D111067A96B4C42 /* [CP] Check Pods Manifest.lock */ = {
			isa = PBXShellScriptBuildPhase;
			buildActionMask = 2147483647;
			files = (
			);
			inputPaths = (
			);
			name = "[CP] Check Pods Manifest.lock";
			outputPaths = (
			);
			runOnlyForDeploymentPostprocessing = 0;
			shellPath = /bin/sh;
			shellScript = "diff \"${PODS_ROOT}/../Podfile.lock\" \"${PODS_ROOT}/Manifest.lock\" > /dev/null\nif [ $? != 0 ] ; then\n    # print error to STDERR\n    echo \"error: The sandbox is not in sync with the Podfile.lock. Run 'pod install' or update your CocoaPods installation.\" >&2\n    exit 1\nfi\n";
			showEnvVarsInLog = 0;
		};
		438CDE8DAB8E5F5A5BEB9301 /* [CP] Embed Pods Frameworks */ = {
			isa = PBXShellScriptBuildPhase;
			buildActionMask = 2147483647;
			files = (
			);
			inputPaths = (
			);
			name = "[CP] Embed Pods Frameworks";
			outputPaths = (
			);
			runOnlyForDeploymentPostprocessing = 0;
			shellPath = /bin/sh;
			shellScript = "\"${SRCROOT}/Pods/Target Support Files/Pods-ChefAdia-Business/Pods-ChefAdia-Business-frameworks.sh\"\n";
			showEnvVarsInLog = 0;
		};
/* End PBXShellScriptBuildPhase section */

/* Begin PBXSourcesBuildPhase section */
		24C30C9E1DF5100B00C0748E /* Sources */ = {
			isa = PBXSourcesBuildPhase;
			buildActionMask = 2147483647;
			files = (
				24E2B3E61DF51B2A00F1858E /* DishDetailTableViewController.m in Sources */,
				248B928B1DF82138007048E9 /* DishTableViewCell.m in Sources */,
				24C30CAA1DF5100B00C0748E /* AppDelegate.m in Sources */,
				24DF63C71DF8141300802C6F /* UserTableViewCell.m in Sources */,
				24DF63C31DF8140700802C6F /* UserTableViewController.m in Sources */,
				24C30CBE1DF510FD00C0748E /* TabBarViewController.m in Sources */,
				24C30CA71DF5100B00C0748E /* main.m in Sources */,
				24E2B3E21DF51B1B00F1858E /* DishDetailTableViewCell.m in Sources */,
				247A71F41DF51258003F0C63 /* DishTableViewController.m in Sources */,
				24DF63CC1DF817A700802C6F /* UserDetailTableViewController.m in Sources */,
			);
			runOnlyForDeploymentPostprocessing = 0;
		};
/* End PBXSourcesBuildPhase section */

/* Begin PBXVariantGroup section */
		24C30CAE1DF5100B00C0748E /* Main.storyboard */ = {
			isa = PBXVariantGroup;
			children = (
				24C30CAF1DF5100B00C0748E /* Base */,
			);
			name = Main.storyboard;
			sourceTree = "<group>";
		};
		24C30CB31DF5100B00C0748E /* LaunchScreen.storyboard */ = {
			isa = PBXVariantGroup;
			children = (
				24C30CB41DF5100B00C0748E /* Base */,
			);
			name = LaunchScreen.storyboard;
			sourceTree = "<group>";
		};
/* End PBXVariantGroup section */

/* Begin XCBuildConfiguration section */
		24C30CB71DF5100B00C0748E /* Debug */ = {
			isa = XCBuildConfiguration;
			buildSettings = {
				ALWAYS_SEARCH_USER_PATHS = NO;
				CLANG_ANALYZER_NONNULL = YES;
				CLANG_CXX_LANGUAGE_STANDARD = "gnu++0x";
				CLANG_CXX_LIBRARY = "libc++";
				CLANG_ENABLE_MODULES = YES;
				CLANG_ENABLE_OBJC_ARC = YES;
				CLANG_WARN_BOOL_CONVERSION = YES;
				CLANG_WARN_CONSTANT_CONVERSION = YES;
				CLANG_WARN_DIRECT_OBJC_ISA_USAGE = YES_ERROR;
				CLANG_WARN_DOCUMENTATION_COMMENTS = YES;
				CLANG_WARN_EMPTY_BODY = YES;
				CLANG_WARN_ENUM_CONVERSION = YES;
				CLANG_WARN_INFINITE_RECURSION = YES;
				CLANG_WARN_INT_CONVERSION = YES;
				CLANG_WARN_OBJC_ROOT_CLASS = YES_ERROR;
				CLANG_WARN_SUSPICIOUS_MOVES = YES;
				CLANG_WARN_UNREACHABLE_CODE = YES;
				CLANG_WARN__DUPLICATE_METHOD_MATCH = YES;
				"CODE_SIGN_IDENTITY[sdk=iphoneos*]" = "iPhone Developer";
				COPY_PHASE_STRIP = NO;
				DEBUG_INFORMATION_FORMAT = dwarf;
				ENABLE_STRICT_OBJC_MSGSEND = YES;
				ENABLE_TESTABILITY = YES;
				GCC_C_LANGUAGE_STANDARD = gnu99;
				GCC_DYNAMIC_NO_PIC = NO;
				GCC_NO_COMMON_BLOCKS = YES;
				GCC_OPTIMIZATION_LEVEL = 0;
				GCC_PREPROCESSOR_DEFINITIONS = (
					"DEBUG=1",
					"$(inherited)",
				);
				GCC_WARN_64_TO_32_BIT_CONVERSION = YES;
				GCC_WARN_ABOUT_RETURN_TYPE = YES_ERROR;
				GCC_WARN_UNDECLARED_SELECTOR = YES;
				GCC_WARN_UNINITIALIZED_AUTOS = YES_AGGRESSIVE;
				GCC_WARN_UNUSED_FUNCTION = YES;
				GCC_WARN_UNUSED_VARIABLE = YES;
				IPHONEOS_DEPLOYMENT_TARGET = 10.1;
				MTL_ENABLE_DEBUG_INFO = YES;
				ONLY_ACTIVE_ARCH = YES;
				SDKROOT = iphoneos;
			};
			name = Debug;
		};
		24C30CB81DF5100B00C0748E /* Release */ = {
			isa = XCBuildConfiguration;
			buildSettings = {
				ALWAYS_SEARCH_USER_PATHS = NO;
				CLANG_ANALYZER_NONNULL = YES;
				CLANG_CXX_LANGUAGE_STANDARD = "gnu++0x";
				CLANG_CXX_LIBRARY = "libc++";
				CLANG_ENABLE_MODULES = YES;
				CLANG_ENABLE_OBJC_ARC = YES;
				CLANG_WARN_BOOL_CONVERSION = YES;
				CLANG_WARN_CONSTANT_CONVERSION = YES;
				CLANG_WARN_DIRECT_OBJC_ISA_USAGE = YES_ERROR;
				CLANG_WARN_DOCUMENTATION_COMMENTS = YES;
				CLANG_WARN_EMPTY_BODY = YES;
				CLANG_WARN_ENUM_CONVERSION = YES;
				CLANG_WARN_INFINITE_RECURSION = YES;
				CLANG_WARN_INT_CONVERSION = YES;
				CLANG_WARN_OBJC_ROOT_CLASS = YES_ERROR;
				CLANG_WARN_SUSPICIOUS_MOVES = YES;
				CLANG_WARN_UNREACHABLE_CODE = YES;
				CLANG_WARN__DUPLICATE_METHOD_MATCH = YES;
				"CODE_SIGN_IDENTITY[sdk=iphoneos*]" = "iPhone Developer";
				COPY_PHASE_STRIP = NO;
				DEBUG_INFORMATION_FORMAT = "dwarf-with-dsym";
				ENABLE_NS_ASSERTIONS = NO;
				ENABLE_STRICT_OBJC_MSGSEND = YES;
				GCC_C_LANGUAGE_STANDARD = gnu99;
				GCC_NO_COMMON_BLOCKS = YES;
				GCC_WARN_64_TO_32_BIT_CONVERSION = YES;
				GCC_WARN_ABOUT_RETURN_TYPE = YES_ERROR;
				GCC_WARN_UNDECLARED_SELECTOR = YES;
				GCC_WARN_UNINITIALIZED_AUTOS = YES_AGGRESSIVE;
				GCC_WARN_UNUSED_FUNCTION = YES;
				GCC_WARN_UNUSED_VARIABLE = YES;
				IPHONEOS_DEPLOYMENT_TARGET = 10.1;
				MTL_ENABLE_DEBUG_INFO = NO;
				SDKROOT = iphoneos;
				VALIDATE_PRODUCT = YES;
			};
			name = Release;
		};
		24C30CBA1DF5100B00C0748E /* Debug */ = {
			isa = XCBuildConfiguration;
			baseConfigurationReference = 2E173BF2C33A373290A65B9B /* Pods-ChefAdia-Business.debug.xcconfig */;
			buildSettings = {
				ASSETCATALOG_COMPILER_APPICON_NAME = AppIcon;
				DEVELOPMENT_TEAM = VEBQ28K9EA;
				INFOPLIST_FILE = "ChefAdia-Business/Info.plist";
				LD_RUNPATH_SEARCH_PATHS = "$(inherited) @executable_path/Frameworks";
				PRODUCT_BUNDLE_IDENTIFIER = "com.krayc.ChefAdia-Business";
				PRODUCT_NAME = "$(TARGET_NAME)";
			};
			name = Debug;
		};
		24C30CBB1DF5100B00C0748E /* Release */ = {
			isa = XCBuildConfiguration;
			baseConfigurationReference = F6F2BE4DB0B05389B2AA059F /* Pods-ChefAdia-Business.release.xcconfig */;
			buildSettings = {
				ASSETCATALOG_COMPILER_APPICON_NAME = AppIcon;
				DEVELOPMENT_TEAM = VEBQ28K9EA;
				INFOPLIST_FILE = "ChefAdia-Business/Info.plist";
				LD_RUNPATH_SEARCH_PATHS = "$(inherited) @executable_path/Frameworks";
				PRODUCT_BUNDLE_IDENTIFIER = "com.krayc.ChefAdia-Business";
				PRODUCT_NAME = "$(TARGET_NAME)";
			};
			name = Release;
		};
/* End XCBuildConfiguration section */

/* Begin XCConfigurationList section */
		24C30C9D1DF5100B00C0748E /* Build configuration list for PBXProject "ChefAdia-Business" */ = {
			isa = XCConfigurationList;
			buildConfigurations = (
				24C30CB71DF5100B00C0748E /* Debug */,
				24C30CB81DF5100B00C0748E /* Release */,
			);
			defaultConfigurationIsVisible = 0;
			defaultConfigurationName = Release;
		};
		24C30CB91DF5100B00C0748E /* Build configuration list for PBXNativeTarget "ChefAdia-Business" */ = {
			isa = XCConfigurationList;
			buildConfigurations = (
				24C30CBA1DF5100B00C0748E /* Debug */,
				24C30CBB1DF5100B00C0748E /* Release */,
			);
			defaultConfigurationIsVisible = 0;
			defaultConfigurationName = Release;
		};
/* End XCConfigurationList section */
	};
	rootObject = 24C30C9A1DF5100B00C0748E /* Project object */;
}
